
Microsoft Visual Studio Solution File, Format Version 12.00
# Visual Studio Version 16
VisualStudioVersion = 16.0.31402.337
MinimumVisualStudioVersion = 10.0.40219.1
Project("{2150E333-8FDC-42A3-9474-1A3956D46DE8}") = "src", "src", "{260CE3E8-BE73-48B1-9E59-438F84425751}"
EndProject
Project("{2150E333-8FDC-42A3-9474-1A3956D46DE8}") = "Dominio", "Dominio", "{D7884596-5A3B-468C-BF6F-6EDD22FA45D3}"
EndProject
Project("{2150E333-8FDC-42A3-9474-1A3956D46DE8}") = "Infra", "Infra", "{AB4852BD-46FC-43BE-88CA-5D99357F4D74}"
EndProject
Project("{2150E333-8FDC-42A3-9474-1A3956D46DE8}") = "Web", "Web", "{6263CF12-B28A-4506-865D-21217E722475}"
EndProject
Project("{9A19103F-16F7-4668-BE54-9A1E7A4F7556}") = "AV2PROVA", "src\Web\AV2PROVA\AV2PROVA.csproj", "{A0B3C3D5-D79F-4E3E-ACC8-EBD224C53513}"
EndProject
Project("{FAE04EC0-301F-11D3-BF4B-00C04F79EFBC}") = "Dominio", "src\Dominio\ClassLibrary1\Dominio.csproj", "{565F4253-82FC-4B1E-8578-E8DFE3C85A70}"
EndProject
Project("{2150E333-8FDC-42A3-9474-1A3956D46DE8}") = "Historia", "Historia", "{B351EAF6-C127-49F8-9C8F-7ADC670415A2}"
EndProject
Project("{FAE04EC0-301F-11D3-BF4B-00C04F79EFBC}") = "Historia", "Historia\Historia.csproj", "{9782258C-1BCA-484A-91B8-BD48FEF600C0}"
EndProject
Project("{FAE04EC0-301F-11D3-BF4B-00C04F79EFBC}") = "Infra", "Infra\Infra.csproj", "{6CABC215-6D41-4A2C-96F5-FF5664B2C7E1}"
EndProject
Global
	GlobalSection(SolutionConfigurationPlatforms) = preSolution
		Debug|Any CPU = Debug|Any CPU
		Release|Any CPU = Release|Any CPU
	EndGlobalSection
	GlobalSection(ProjectConfigurationPlatforms) = postSolution
		{A0B3C3D5-D79F-4E3E-ACC8-EBD224C53513}.Debug|Any CPU.ActiveCfg = Debug|Any CPU
		{A0B3C3D5-D79F-4E3E-ACC8-EBD224C53513}.Debug|Any CPU.Build.0 = Debug|Any CPU
		{A0B3C3D5-D79F-4E3E-ACC8-EBD224C53513}.Release|Any CPU.ActiveCfg = Release|Any CPU
		{A0B3C3D5-D79F-4E3E-ACC8-EBD224C53513}.Release|Any CPU.Build.0 = Release|Any CPU
		{565F4253-82FC-4B1E-8578-E8DFE3C85A70}.Debug|Any CPU.ActiveCfg = Debug|Any CPU
		{565F4253-82FC-4B1E-8578-E8DFE3C85A70}.Debug|Any CPU.Build.0 = Debug|Any CPU
		{565F4253-82FC-4B1E-8578-E8DFE3C85A70}.Release|Any CPU.ActiveCfg = Release|Any CPU
		{565F4253-82FC-4B1E-8578-E8DFE3C85A70}.Release|Any CPU.Build.0 = Release|Any CPU
		{9782258C-1BCA-484A-91B8-BD48FEF600C0}.Debug|Any CPU.ActiveCfg = Debug|Any CPU
		{9782258C-1BCA-484A-91B8-BD48FEF600C0}.Debug|Any CPU.Build.0 = Debug|Any CPU
		{9782258C-1BCA-484A-91B8-BD48FEF600C0}.Release|Any CPU.ActiveCfg = Release|Any CPU
		{9782258C-1BCA-484A-91B8-BD48FEF600C0}.Release|Any CPU.Build.0 = Release|Any CPU
		{6CABC215-6D41-4A2C-96F5-FF5664B2C7E1}.Debug|Any CPU.ActiveCfg = Debug|Any CPU
		{6CABC215-6D41-4A2C-96F5-FF5664B2C7E1}.Debug|Any CPU.Build.0 = Debug|Any CPU
		{6CABC215-6D41-4A2C-96F5-FF5664B2C7E1}.Release|Any CPU.ActiveCfg = Release|Any CPU
		{6CABC215-6D41-4A2C-96F5-FF5664B2C7E1}.Release|Any CPU.Build.0 = Release|Any CPU
	EndGlobalSection
	GlobalSection(SolutionProperties) = preSolution
		HideSolutionNode = FALSE
	EndGlobalSection
	GlobalSection(NestedProjects) = preSolution
		{D7884596-5A3B-468C-BF6F-6EDD22FA45D3} = {260CE3E8-BE73-48B1-9E59-438F84425751}
		{AB4852BD-46FC-43BE-88CA-5D99357F4D74} = {260CE3E8-BE73-48B1-9E59-438F84425751}
		{6263CF12-B28A-4506-865D-21217E722475} = {260CE3E8-BE73-48B1-9E59-438F84425751}
		{A0B3C3D5-D79F-4E3E-ACC8-EBD224C53513} = {6263CF12-B28A-4506-865D-21217E722475}
		{565F4253-82FC-4B1E-8578-E8DFE3C85A70} = {D7884596-5A3B-468C-BF6F-6EDD22FA45D3}
		{B351EAF6-C127-49F8-9C8F-7ADC670415A2} = {260CE3E8-BE73-48B1-9E59-438F84425751}
		{9782258C-1BCA-484A-91B8-BD48FEF600C0} = {B351EAF6-C127-49F8-9C8F-7ADC670415A2}
		{6CABC215-6D41-4A2C-96F5-FF5664B2C7E1} = {AB4852BD-46FC-43BE-88CA-5D99357F4D74}
	EndGlobalSection
	GlobalSection(ExtensibilityGlobals) = postSolution
		SolutionGuid = {6D9FB0A4-4BA8-4B41-B902-BED731599D66}
	EndGlobalSection
EndGlobal
